
Microsoft Visual Studio Solution File, Format Version 12.00
# Visual Studio Version 17
VisualStudioVersion = 17.0.31903.59
MinimumVisualStudioVersion = 10.0.40219.1
Project("{9A19103F-16F7-4668-BE54-9A1E7A4F7556}") = "Monogame.Imgui.Renderer", "Monogame.Imgui.Renderer\Monogame.Imgui.Renderer.csproj", "{D0AEEF4E-0C52-4FE1-A7CB-3D693BA57EF1}"
EndProject
Project("{9A19103F-16F7-4668-BE54-9A1E7A4F7556}") = "Monogame.Imgui.Renderer.Sample", "Monogame.Imgui.Renderer.Sample\Monogame.Imgui.Renderer.Sample.csproj", "{DC93775B-8298-49D5-9B37-A7A7FC9DFF63}"
EndProject
Project("{FAE04EC0-301F-11D3-BF4B-00C04F79EFBC}") = "Monogame.Imgui.Renderer.Sample.UWP", "Monogame.Imgui.Renderer.Sample.UWP\Monogame.Imgui.Renderer.Sample.UWP.csproj", "{890A153C-F5AE-4039-BBBF-A0FA466F12CF}"
EndProject
Project("{9A19103F-16F7-4668-BE54-9A1E7A4F7556}") = "ImGui.NET", "ImGui.NET\src\ImGui.NET\ImGui.NET.csproj", "{AA2F41FF-BDE3-4140-A78E-5415A9D33842}"
EndProject
Project("{2150E333-8FDC-42A3-9474-1A3956D46DE8}") = "ImGui", "ImGui", "{EB3097CD-91C6-4DBD-AC85-18974A6B5E64}"
EndProject
Project("{9A19103F-16F7-4668-BE54-9A1E7A4F7556}") = "ImGuizmo.NET", "..\..\..\Downloads\ImGui.NET\src\ImGuizmo.NET\ImGuizmo.NET.csproj", "{1BA356C3-BA86-4F41-BC2C-3819AA2C0522}"
EndProject
Project("{9A19103F-16F7-4668-BE54-9A1E7A4F7556}") = "ImNodes.NET", "..\..\..\Downloads\ImGui.NET\src\ImNodes.NET\ImNodes.NET.csproj", "{9B30E56F-00DE-45DE-9779-1672E108E047}"
EndProject
Project("{9A19103F-16F7-4668-BE54-9A1E7A4F7556}") = "ImPlot.NET", "..\..\..\Downloads\ImGui.NET\src\ImPlot.NET\ImPlot.NET.csproj", "{AB6C4ABF-B768-4204-B648-1D1A11B1345A}"
EndProject
Global
	GlobalSection(SolutionConfigurationPlatforms) = preSolution
		Debug|Any CPU = Debug|Any CPU
		Debug|ARM = Debug|ARM
		Debug|x64 = Debug|x64
		Debug|x86 = Debug|x86
		Release|Any CPU = Release|Any CPU
		Release|ARM = Release|ARM
		Release|x64 = Release|x64
		Release|x86 = Release|x86
	EndGlobalSection
	GlobalSection(ProjectConfigurationPlatforms) = postSolution
		{D0AEEF4E-0C52-4FE1-A7CB-3D693BA57EF1}.Debug|Any CPU.ActiveCfg = Debug|Any CPU
		{D0AEEF4E-0C52-4FE1-A7CB-3D693BA57EF1}.Debug|Any CPU.Build.0 = Debug|Any CPU
		{D0AEEF4E-0C52-4FE1-A7CB-3D693BA57EF1}.Debug|ARM.ActiveCfg = Debug|Any CPU
		{D0AEEF4E-0C52-4FE1-A7CB-3D693BA57EF1}.Debug|ARM.Build.0 = Debug|Any CPU
		{D0AEEF4E-0C52-4FE1-A7CB-3D693BA57EF1}.Debug|x64.ActiveCfg = Debug|Any CPU
		{D0AEEF4E-0C52-4FE1-A7CB-3D693BA57EF1}.Debug|x64.Build.0 = Debug|Any CPU
		{D0AEEF4E-0C52-4FE1-A7CB-3D693BA57EF1}.Debug|x86.ActiveCfg = Debug|Any CPU
		{D0AEEF4E-0C52-4FE1-A7CB-3D693BA57EF1}.Debug|x86.Build.0 = Debug|Any CPU
		{D0AEEF4E-0C52-4FE1-A7CB-3D693BA57EF1}.Release|Any CPU.ActiveCfg = Release|Any CPU
		{D0AEEF4E-0C52-4FE1-A7CB-3D693BA57EF1}.Release|Any CPU.Build.0 = Release|Any CPU
		{D0AEEF4E-0C52-4FE1-A7CB-3D693BA57EF1}.Release|ARM.ActiveCfg = Release|Any CPU
		{D0AEEF4E-0C52-4FE1-A7CB-3D693BA57EF1}.Release|ARM.Build.0 = Release|Any CPU
		{D0AEEF4E-0C52-4FE1-A7CB-3D693BA57EF1}.Release|x64.ActiveCfg = Release|Any CPU
		{D0AEEF4E-0C52-4FE1-A7CB-3D693BA57EF1}.Release|x64.Build.0 = Release|Any CPU
		{D0AEEF4E-0C52-4FE1-A7CB-3D693BA57EF1}.Release|x86.ActiveCfg = Release|Any CPU
		{D0AEEF4E-0C52-4FE1-A7CB-3D693BA57EF1}.Release|x86.Build.0 = Release|Any CPU
		{DC93775B-8298-49D5-9B37-A7A7FC9DFF63}.Debug|Any CPU.ActiveCfg = Debug|Any CPU
		{DC93775B-8298-49D5-9B37-A7A7FC9DFF63}.Debug|Any CPU.Build.0 = Debug|Any CPU
		{DC93775B-8298-49D5-9B37-A7A7FC9DFF63}.Debug|ARM.ActiveCfg = Debug|Any CPU
		{DC93775B-8298-49D5-9B37-A7A7FC9DFF63}.Debug|ARM.Build.0 = Debug|Any CPU
		{DC93775B-8298-49D5-9B37-A7A7FC9DFF63}.Debug|x64.ActiveCfg = Debug|Any CPU
		{DC93775B-8298-49D5-9B37-A7A7FC9DFF63}.Debug|x64.Build.0 = Debug|Any CPU
		{DC93775B-8298-49D5-9B37-A7A7FC9DFF63}.Debug|x86.ActiveCfg = Debug|Any CPU
		{DC93775B-8298-49D5-9B37-A7A7FC9DFF63}.Debug|x86.Build.0 = Debug|Any CPU
		{DC93775B-8298-49D5-9B37-A7A7FC9DFF63}.Release|Any CPU.ActiveCfg = Release|Any CPU
		{DC93775B-8298-49D5-9B37-A7A7FC9DFF63}.Release|Any CPU.Build.0 = Release|Any CPU
		{DC93775B-8298-49D5-9B37-A7A7FC9DFF63}.Release|ARM.ActiveCfg = Release|Any CPU
		{DC93775B-8298-49D5-9B37-A7A7FC9DFF63}.Release|ARM.Build.0 = Release|Any CPU
		{DC93775B-8298-49D5-9B37-A7A7FC9DFF63}.Release|x64.ActiveCfg = Release|Any CPU
		{DC93775B-8298-49D5-9B37-A7A7FC9DFF63}.Release|x64.Build.0 = Release|Any CPU
		{DC93775B-8298-49D5-9B37-A7A7FC9DFF63}.Release|x86.ActiveCfg = Release|Any CPU
		{DC93775B-8298-49D5-9B37-A7A7FC9DFF63}.Release|x86.Build.0 = Release|Any CPU
		{890A153C-F5AE-4039-BBBF-A0FA466F12CF}.Debug|Any CPU.ActiveCfg = Debug|x64
		{890A153C-F5AE-4039-BBBF-A0FA466F12CF}.Debug|Any CPU.Build.0 = Debug|x64
		{890A153C-F5AE-4039-BBBF-A0FA466F12CF}.Debug|Any CPU.Deploy.0 = Debug|x64
		{890A153C-F5AE-4039-BBBF-A0FA466F12CF}.Debug|ARM.ActiveCfg = Debug|ARM
		{890A153C-F5AE-4039-BBBF-A0FA466F12CF}.Debug|ARM.Build.0 = Debug|ARM
		{890A153C-F5AE-4039-BBBF-A0FA466F12CF}.Debug|ARM.Deploy.0 = Debug|ARM
		{890A153C-F5AE-4039-BBBF-A0FA466F12CF}.Debug|x64.ActiveCfg = Debug|x64
		{890A153C-F5AE-4039-BBBF-A0FA466F12CF}.Debug|x64.Build.0 = Debug|x64
		{890A153C-F5AE-4039-BBBF-A0FA466F12CF}.Debug|x64.Deploy.0 = Debug|x64
		{890A153C-F5AE-4039-BBBF-A0FA466F12CF}.Debug|x86.ActiveCfg = Debug|x86
		{890A153C-F5AE-4039-BBBF-A0FA466F12CF}.Debug|x86.Build.0 = Debug|x86
		{890A153C-F5AE-4039-BBBF-A0FA466F12CF}.Debug|x86.Deploy.0 = Debug|x86
		{890A153C-F5AE-4039-BBBF-A0FA466F12CF}.Release|Any CPU.ActiveCfg = Release|x64
		{890A153C-F5AE-4039-BBBF-A0FA466F12CF}.Release|Any CPU.Build.0 = Release|x64
		{890A153C-F5AE-4039-BBBF-A0FA466F12CF}.Release|Any CPU.Deploy.0 = Release|x64
		{890A153C-F5AE-4039-BBBF-A0FA466F12CF}.Release|ARM.ActiveCfg = Release|ARM
		{890A153C-F5AE-4039-BBBF-A0FA466F12CF}.Release|ARM.Build.0 = Release|ARM
		{890A153C-F5AE-4039-BBBF-A0FA466F12CF}.Release|ARM.Deploy.0 = Release|ARM
		{890A153C-F5AE-4039-BBBF-A0FA466F12CF}.Release|x64.ActiveCfg = Release|x64
		{890A153C-F5AE-4039-BBBF-A0FA466F12CF}.Release|x64.Build.0 = Release|x64
		{890A153C-F5AE-4039-BBBF-A0FA466F12CF}.Release|x64.Deploy.0 = Release|x64
		{890A153C-F5AE-4039-BBBF-A0FA466F12CF}.Release|x86.ActiveCfg = Release|x86
		{890A153C-F5AE-4039-BBBF-A0FA466F12CF}.Release|x86.Build.0 = Release|x86
		{890A153C-F5AE-4039-BBBF-A0FA466F12CF}.Release|x86.Deploy.0 = Release|x86
		{AA2F41FF-BDE3-4140-A78E-5415A9D33842}.Debug|Any CPU.ActiveCfg = Debug|Any CPU
		{AA2F41FF-BDE3-4140-A78E-5415A9D33842}.Debug|Any CPU.Build.0 = Debug|Any CPU
		{AA2F41FF-BDE3-4140-A78E-5415A9D33842}.Debug|ARM.ActiveCfg = Debug|Any CPU
		{AA2F41FF-BDE3-4140-A78E-5415A9D33842}.Debug|ARM.Build.0 = Debug|Any CPU
		{AA2F41FF-BDE3-4140-A78E-5415A9D33842}.Debug|x64.ActiveCfg = Debug|Any CPU
		{AA2F41FF-BDE3-4140-A78E-5415A9D33842}.Debug|x64.Build.0 = Debug|Any CPU
		{AA2F41FF-BDE3-4140-A78E-5415A9D33842}.Debug|x86.ActiveCfg = Debug|Any CPU
		{AA2F41FF-BDE3-4140-A78E-5415A9D33842}.Debug|x86.Build.0 = Debug|Any CPU
		{AA2F41FF-BDE3-4140-A78E-5415A9D33842}.Release|Any CPU.ActiveCfg = Release|Any CPU
		{AA2F41FF-BDE3-4140-A78E-5415A9D33842}.Release|Any CPU.Build.0 = Release|Any CPU
		{AA2F41FF-BDE3-4140-A78E-5415A9D33842}.Release|ARM.ActiveCfg = Release|Any CPU
		{AA2F41FF-BDE3-4140-A78E-5415A9D33842}.Release|ARM.Build.0 = Release|Any CPU
		{AA2F41FF-BDE3-4140-A78E-5415A9D33842}.Release|x64.ActiveCfg = Release|Any CPU
		{AA2F41FF-BDE3-4140-A78E-5415A9D33842}.Release|x64.Build.0 = Release|Any CPU
		{AA2F41FF-BDE3-4140-A78E-5415A9D33842}.Release|x86.ActiveCfg = Release|Any CPU
		{AA2F41FF-BDE3-4140-A78E-5415A9D33842}.Release|x86.Build.0 = Release|Any CPU
		{1BA356C3-BA86-4F41-BC2C-3819AA2C0522}.Debug|Any CPU.ActiveCfg = Debug|Any CPU
		{1BA356C3-BA86-4F41-BC2C-3819AA2C0522}.Debug|Any CPU.Build.0 = Debug|Any CPU
		{1BA356C3-BA86-4F41-BC2C-3819AA2C0522}.Debug|ARM.ActiveCfg = Debug|Any CPU
		{1BA356C3-BA86-4F41-BC2C-3819AA2C0522}.Debug|ARM.Build.0 = Debug|Any CPU
		{1BA356C3-BA86-4F41-BC2C-3819AA2C0522}.Debug|x64.ActiveCfg = Debug|Any CPU
		{1BA356C3-BA86-4F41-BC2C-3819AA2C0522}.Debug|x64.Build.0 = Debug|Any CPU
		{1BA356C3-BA86-4F41-BC2C-3819AA2C0522}.Debug|x86.ActiveCfg = Debug|Any CPU
		{1BA356C3-BA86-4F41-BC2C-3819AA2C0522}.Debug|x86.Build.0 = Debug|Any CPU
		{1BA356C3-BA86-4F41-BC2C-3819AA2C0522}.Release|Any CPU.ActiveCfg = Release|Any CPU
		{1BA356C3-BA86-4F41-BC2C-3819AA2C0522}.Release|Any CPU.Build.0 = Release|Any CPU
		{1BA356C3-BA86-4F41-BC2C-3819AA2C0522}.Release|ARM.ActiveCfg = Release|Any CPU
		{1BA356C3-BA86-4F41-BC2C-3819AA2C0522}.Release|ARM.Build.0 = Release|Any CPU
		{1BA356C3-BA86-4F41-BC2C-3819AA2C0522}.Release|x64.ActiveCfg = Release|Any CPU
		{1BA356C3-BA86-4F41-BC2C-3819AA2C0522}.Release|x64.Build.0 = Release|Any CPU
		{1BA356C3-BA86-4F41-BC2C-3819AA2C0522}.Release|x86.ActiveCfg = Release|Any CPU
		{1BA356C3-BA86-4F41-BC2C-3819AA2C0522}.Release|x86.Build.0 = Release|Any CPU
		{9B30E56F-00DE-45DE-9779-1672E108E047}.Debug|Any CPU.ActiveCfg = Debug|Any CPU
		{9B30E56F-00DE-45DE-9779-1672E108E047}.Debug|Any CPU.Build.0 = Debug|Any CPU
		{9B30E56F-00DE-45DE-9779-1672E108E047}.Debug|ARM.ActiveCfg = Debug|Any CPU
		{9B30E56F-00DE-45DE-9779-1672E108E047}.Debug|ARM.Build.0 = Debug|Any CPU
		{9B30E56F-00DE-45DE-9779-1672E108E047}.Debug|x64.ActiveCfg = Debug|Any CPU
		{9B30E56F-00DE-45DE-9779-1672E108E047}.Debug|x64.Build.0 = Debug|Any CPU
		{9B30E56F-00DE-45DE-9779-1672E108E047}.Debug|x86.ActiveCfg = Debug|Any CPU
		{9B30E56F-00DE-45DE-9779-1672E108E047}.Debug|x86.Build.0 = Debug|Any CPU
		{9B30E56F-00DE-45DE-9779-1672E108E047}.Release|Any CPU.ActiveCfg = Release|Any CPU
		{9B30E56F-00DE-45DE-9779-1672E108E047}.Release|Any CPU.Build.0 = Release|Any CPU
		{9B30E56F-00DE-45DE-9779-1672E108E047}.Release|ARM.ActiveCfg = Release|Any CPU
		{9B30E56F-00DE-45DE-9779-1672E108E047}.Release|ARM.Build.0 = Release|Any CPU
		{9B30E56F-00DE-45DE-9779-1672E108E047}.Release|x64.ActiveCfg = Release|Any CPU
		{9B30E56F-00DE-45DE-9779-1672E108E047}.Release|x64.Build.0 = Release|Any CPU
		{9B30E56F-00DE-45DE-9779-1672E108E047}.Release|x86.ActiveCfg = Release|Any CPU
		{9B30E56F-00DE-45DE-9779-1672E108E047}.Release|x86.Build.0 = Release|Any CPU
		{AB6C4ABF-B768-4204-B648-1D1A11B1345A}.Debug|Any CPU.ActiveCfg = Debug|Any CPU
		{AB6C4ABF-B768-4204-B648-1D1A11B1345A}.Debug|Any CPU.Build.0 = Debug|Any CPU
		{AB6C4ABF-B768-4204-B648-1D1A11B1345A}.Debug|ARM.ActiveCfg = Debug|Any CPU
		{AB6C4ABF-B768-4204-B648-1D1A11B1345A}.Debug|ARM.Build.0 = Debug|Any CPU
		{AB6C4ABF-B768-4204-B648-1D1A11B1345A}.Debug|x64.ActiveCfg = Debug|Any CPU
		{AB6C4ABF-B768-4204-B648-1D1A11B1345A}.Debug|x64.Build.0 = Debug|Any CPU
		{AB6C4ABF-B768-4204-B648-1D1A11B1345A}.Debug|x86.ActiveCfg = Debug|Any CPU
		{AB6C4ABF-B768-4204-B648-1D1A11B1345A}.Debug|x86.Build.0 = Debug|Any CPU
		{AB6C4ABF-B768-4204-B648-1D1A11B1345A}.Release|Any CPU.ActiveCfg = Release|Any CPU
		{AB6C4ABF-B768-4204-B648-1D1A11B1345A}.Release|Any CPU.Build.0 = Release|Any CPU
		{AB6C4ABF-B768-4204-B648-1D1A11B1345A}.Release|ARM.ActiveCfg = Release|Any CPU
		{AB6C4ABF-B768-4204-B648-1D1A11B1345A}.Release|ARM.Build.0 = Release|Any CPU
		{AB6C4ABF-B768-4204-B648-1D1A11B1345A}.Release|x64.ActiveCfg = Release|Any CPU
		{AB6C4ABF-B768-4204-B648-1D1A11B1345A}.Release|x64.Build.0 = Release|Any CPU
		{AB6C4ABF-B768-4204-B648-1D1A11B1345A}.Release|x86.ActiveCfg = Release|Any CPU
		{AB6C4ABF-B768-4204-B648-1D1A11B1345A}.Release|x86.Build.0 = Release|Any CPU
	EndGlobalSection
	GlobalSection(SolutionProperties) = preSolution
		HideSolutionNode = FALSE
	EndGlobalSection
	GlobalSection(NestedProjects) = preSolution
		{AA2F41FF-BDE3-4140-A78E-5415A9D33842} = {EB3097CD-91C6-4DBD-AC85-18974A6B5E64}
		{1BA356C3-BA86-4F41-BC2C-3819AA2C0522} = {EB3097CD-91C6-4DBD-AC85-18974A6B5E64}
		{9B30E56F-00DE-45DE-9779-1672E108E047} = {EB3097CD-91C6-4DBD-AC85-18974A6B5E64}
		{AB6C4ABF-B768-4204-B648-1D1A11B1345A} = {EB3097CD-91C6-4DBD-AC85-18974A6B5E64}
	EndGlobalSection
	GlobalSection(ExtensibilityGlobals) = postSolution
		SolutionGuid = {4124ED93-89C6-4DB9-94D4-710CB9FC319F}
	EndGlobalSection
EndGlobal
